
Microsoft Visual Studio Solution File, Format Version 12.00
# Visual Studio Version 17
VisualStudioVersion = 17.7.34221.43
MinimumVisualStudioVersion = 10.0.40219.1
Project("{8BC9CEB8-8B4A-11D0-8D11-00A0C91BC942}") = "4_2", "4_2\4_2.vcxproj", "{5EF42405-8F72-4DAE-AC11-D02B631E2563}"
EndProject
Project("{8BC9CEB8-8B4A-11D0-8D11-00A0C91BC942}") = "4_3", "4_3\4_3.vcxproj", "{D8815696-F5F4-4CD6-A486-87BBB41AF2A5}"
EndProject
Project("{8BC9CEB8-8B4A-11D0-8D11-00A0C91BC942}") = "4_4", "4_4\4_4.vcxproj", "{004EA402-874C-4C75-A8FB-8C6E4D3706F1}"
EndProject
Project("{8BC9CEB8-8B4A-11D0-8D11-00A0C91BC942}") = "4_6", "4_6\4_6.vcxproj", "{73DD2CD6-0942-47E8-B405-DB3C6ECABA76}"
EndProject
Project("{8BC9CEB8-8B4A-11D0-8D11-00A0C91BC942}") = "4_7", "4_7\4_7.vcxproj", "{22E4ADC5-7512-4449-96A5-5B49A0F6DB92}"
EndProject
Project("{8BC9CEB8-8B4A-11D0-8D11-00A0C91BC942}") = "4_8", "4_8\4_8.vcxproj", "{13510506-F463-459B-A37B-EB08AC6F1A81}"
EndProject
Project("{8BC9CEB8-8B4A-11D0-8D11-00A0C91BC942}") = "4_9", "4_9\4_9.vcxproj", "{8A8DB456-C3AA-48F1-8428-7BFA2110BA2A}"
EndProject
Project("{8BC9CEB8-8B4A-11D0-8D11-00A0C91BC942}") = "4_10", "4_10\4_10.vcxproj", "{2077D712-F83E-4C70-82F9-B74F982DB3DE}"
EndProject
Project("{8BC9CEB8-8B4A-11D0-8D11-00A0C91BC942}") = "4_11", "4_11\4_11.vcxproj", "{2807BDC9-7E19-40D2-BC69-A5E81E9399B7}"
EndProject
Project("{8BC9CEB8-8B4A-11D0-8D11-00A0C91BC942}") = "4_12", "4_12\4_12.vcxproj", "{667EFD3C-9B93-40FD-B98C-62541189E501}"
EndProject
Project("{8BC9CEB8-8B4A-11D0-8D11-00A0C91BC942}") = "4.13", "4.13\4.13.vcxproj", "{7566A00F-397C-4537-956F-DB138A8C7183}"
EndProject
Project("{8BC9CEB8-8B4A-11D0-8D11-00A0C91BC942}") = "4_14", "4_14\4_14.vcxproj", "{0A445CAD-3E33-4DC4-BD28-C7812A4C2B74}"
EndProject
Project("{8BC9CEB8-8B4A-11D0-8D11-00A0C91BC942}") = "4_15", "4_15\4_15.vcxproj", "{C1816915-9783-4031-B42F-2DF311ACFB64}"
EndProject
Project("{8BC9CEB8-8B4A-11D0-8D11-00A0C91BC942}") = "4_16", "4_16\4_16.vcxproj", "{9AC346E9-4E7C-4A7C-8678-B86C839BCF3D}"
EndProject
Global
	GlobalSection(SolutionConfigurationPlatforms) = preSolution
		Debug|x64 = Debug|x64
		Debug|x86 = Debug|x86
		Release|x64 = Release|x64
		Release|x86 = Release|x86
	EndGlobalSection
	GlobalSection(ProjectConfigurationPlatforms) = postSolution
		{5EF42405-8F72-4DAE-AC11-D02B631E2563}.Debug|x64.ActiveCfg = Debug|x64
		{5EF42405-8F72-4DAE-AC11-D02B631E2563}.Debug|x64.Build.0 = Debug|x64
		{5EF42405-8F72-4DAE-AC11-D02B631E2563}.Debug|x86.ActiveCfg = Debug|Win32
		{5EF42405-8F72-4DAE-AC11-D02B631E2563}.Debug|x86.Build.0 = Debug|Win32
		{5EF42405-8F72-4DAE-AC11-D02B631E2563}.Release|x64.ActiveCfg = Release|x64
		{5EF42405-8F72-4DAE-AC11-D02B631E2563}.Release|x64.Build.0 = Release|x64
		{5EF42405-8F72-4DAE-AC11-D02B631E2563}.Release|x86.ActiveCfg = Release|Win32
		{5EF42405-8F72-4DAE-AC11-D02B631E2563}.Release|x86.Build.0 = Release|Win32
		{D8815696-F5F4-4CD6-A486-87BBB41AF2A5}.Debug|x64.ActiveCfg = Debug|x64
		{D8815696-F5F4-4CD6-A486-87BBB41AF2A5}.Debug|x64.Build.0 = Debug|x64
		{D8815696-F5F4-4CD6-A486-87BBB41AF2A5}.Debug|x86.ActiveCfg = Debug|Win32
		{D8815696-F5F4-4CD6-A486-87BBB41AF2A5}.Debug|x86.Build.0 = Debug|Win32
		{D8815696-F5F4-4CD6-A486-87BBB41AF2A5}.Release|x64.ActiveCfg = Release|x64
		{D8815696-F5F4-4CD6-A486-87BBB41AF2A5}.Release|x64.Build.0 = Release|x64
		{D8815696-F5F4-4CD6-A486-87BBB41AF2A5}.Release|x86.ActiveCfg = Release|Win32
		{D8815696-F5F4-4CD6-A486-87BBB41AF2A5}.Release|x86.Build.0 = Release|Win32
		{004EA402-874C-4C75-A8FB-8C6E4D3706F1}.Debug|x64.ActiveCfg = Debug|x64
		{004EA402-874C-4C75-A8FB-8C6E4D3706F1}.Debug|x64.Build.0 = Debug|x64
		{004EA402-874C-4C75-A8FB-8C6E4D3706F1}.Debug|x86.ActiveCfg = Debug|Win32
		{004EA402-874C-4C75-A8FB-8C6E4D3706F1}.Debug|x86.Build.0 = Debug|Win32
		{004EA402-874C-4C75-A8FB-8C6E4D3706F1}.Release|x64.ActiveCfg = Release|x64
		{004EA402-874C-4C75-A8FB-8C6E4D3706F1}.Release|x64.Build.0 = Release|x64
		{004EA402-874C-4C75-A8FB-8C6E4D3706F1}.Release|x86.ActiveCfg = Release|Win32
		{004EA402-874C-4C75-A8FB-8C6E4D3706F1}.Release|x86.Build.0 = Release|Win32
		{73DD2CD6-0942-47E8-B405-DB3C6ECABA76}.Debug|x64.ActiveCfg = Debug|x64
		{73DD2CD6-0942-47E8-B405-DB3C6ECABA76}.Debug|x64.Build.0 = Debug|x64
		{73DD2CD6-0942-47E8-B405-DB3C6ECABA76}.Debug|x86.ActiveCfg = Debug|Win32
		{73DD2CD6-0942-47E8-B405-DB3C6ECABA76}.Debug|x86.Build.0 = Debug|Win32
		{73DD2CD6-0942-47E8-B405-DB3C6ECABA76}.Release|x64.ActiveCfg = Release|x64
		{73DD2CD6-0942-47E8-B405-DB3C6ECABA76}.Release|x64.Build.0 = Release|x64
		{73DD2CD6-0942-47E8-B405-DB3C6ECABA76}.Release|x86.ActiveCfg = Release|Win32
		{73DD2CD6-0942-47E8-B405-DB3C6ECABA76}.Release|x86.Build.0 = Release|Win32
		{22E4ADC5-7512-4449-96A5-5B49A0F6DB92}.Debug|x64.ActiveCfg = Debug|x64
		{22E4ADC5-7512-4449-96A5-5B49A0F6DB92}.Debug|x64.Build.0 = Debug|x64
		{22E4ADC5-7512-4449-96A5-5B49A0F6DB92}.Debug|x86.ActiveCfg = Debug|Win32
		{22E4ADC5-7512-4449-96A5-5B49A0F6DB92}.Debug|x86.Build.0 = Debug|Win32
		{22E4ADC5-7512-4449-96A5-5B49A0F6DB92}.Release|x64.ActiveCfg = Release|x64
		{22E4ADC5-7512-4449-96A5-5B49A0F6DB92}.Release|x64.Build.0 = Release|x64
		{22E4ADC5-7512-4449-96A5-5B49A0F6DB92}.Release|x86.ActiveCfg = Release|Win32
		{22E4ADC5-7512-4449-96A5-5B49A0F6DB92}.Release|x86.Build.0 = Release|Win32
		{13510506-F463-459B-A37B-EB08AC6F1A81}.Debug|x64.ActiveCfg = Debug|x64
		{13510506-F463-459B-A37B-EB08AC6F1A81}.Debug|x64.Build.0 = Debug|x64
		{13510506-F463-459B-A37B-EB08AC6F1A81}.Debug|x86.ActiveCfg = Debug|Win32
		{13510506-F463-459B-A37B-EB08AC6F1A81}.Debug|x86.Build.0 = Debug|Win32
		{13510506-F463-459B-A37B-EB08AC6F1A81}.Release|x64.ActiveCfg = Release|x64
		{13510506-F463-459B-A37B-EB08AC6F1A81}.Release|x64.Build.0 = Release|x64
		{13510506-F463-459B-A37B-EB08AC6F1A81}.Release|x86.ActiveCfg = Release|Win32
		{13510506-F463-459B-A37B-EB08AC6F1A81}.Release|x86.Build.0 = Release|Win32
		{8A8DB456-C3AA-48F1-8428-7BFA2110BA2A}.Debug|x64.ActiveCfg = Debug|x64
		{8A8DB456-C3AA-48F1-8428-7BFA2110BA2A}.Debug|x64.Build.0 = Debug|x64
		{8A8DB456-C3AA-48F1-8428-7BFA2110BA2A}.Debug|x86.ActiveCfg = Debug|Win32
		{8A8DB456-C3AA-48F1-8428-7BFA2110BA2A}.Debug|x86.Build.0 = Debug|Win32
		{8A8DB456-C3AA-48F1-8428-7BFA2110BA2A}.Release|x64.ActiveCfg = Release|x64
		{8A8DB456-C3AA-48F1-8428-7BFA2110BA2A}.Release|x64.Build.0 = Release|x64
		{8A8DB456-C3AA-48F1-8428-7BFA2110BA2A}.Release|x86.ActiveCfg = Release|Win32
		{8A8DB456-C3AA-48F1-8428-7BFA2110BA2A}.Release|x86.Build.0 = Release|Win32
		{2077D712-F83E-4C70-82F9-B74F982DB3DE}.Debug|x64.ActiveCfg = Debug|x64
		{2077D712-F83E-4C70-82F9-B74F982DB3DE}.Debug|x64.Build.0 = Debug|x64
		{2077D712-F83E-4C70-82F9-B74F982DB3DE}.Debug|x86.ActiveCfg = Debug|Win32
		{2077D712-F83E-4C70-82F9-B74F982DB3DE}.Debug|x86.Build.0 = Debug|Win32
		{2077D712-F83E-4C70-82F9-B74F982DB3DE}.Release|x64.ActiveCfg = Release|x64
		{2077D712-F83E-4C70-82F9-B74F982DB3DE}.Release|x64.Build.0 = Release|x64
		{2077D712-F83E-4C70-82F9-B74F982DB3DE}.Release|x86.ActiveCfg = Release|Win32
		{2077D712-F83E-4C70-82F9-B74F982DB3DE}.Release|x86.Build.0 = Release|Win32
		{2807BDC9-7E19-40D2-BC69-A5E81E9399B7}.Debug|x64.ActiveCfg = Debug|x64
		{2807BDC9-7E19-40D2-BC69-A5E81E9399B7}.Debug|x64.Build.0 = Debug|x64
		{2807BDC9-7E19-40D2-BC69-A5E81E9399B7}.Debug|x86.ActiveCfg = Debug|Win32
		{2807BDC9-7E19-40D2-BC69-A5E81E9399B7}.Debug|x86.Build.0 = Debug|Win32
		{2807BDC9-7E19-40D2-BC69-A5E81E9399B7}.Release|x64.ActiveCfg = Release|x64
		{2807BDC9-7E19-40D2-BC69-A5E81E9399B7}.Release|x64.Build.0 = Release|x64
		{2807BDC9-7E19-40D2-BC69-A5E81E9399B7}.Release|x86.ActiveCfg = Release|Win32
		{2807BDC9-7E19-40D2-BC69-A5E81E9399B7}.Release|x86.Build.0 = Release|Win32
		{667EFD3C-9B93-40FD-B98C-62541189E501}.Debug|x64.ActiveCfg = Debug|x64
		{667EFD3C-9B93-40FD-B98C-62541189E501}.Debug|x64.Build.0 = Debug|x64
		{667EFD3C-9B93-40FD-B98C-62541189E501}.Debug|x86.ActiveCfg = Debug|Win32
		{667EFD3C-9B93-40FD-B98C-62541189E501}.Debug|x86.Build.0 = Debug|Win32
		{667EFD3C-9B93-40FD-B98C-62541189E501}.Release|x64.ActiveCfg = Release|x64
		{667EFD3C-9B93-40FD-B98C-62541189E501}.Release|x64.Build.0 = Release|x64
		{667EFD3C-9B93-40FD-B98C-62541189E501}.Release|x86.ActiveCfg = Release|Win32
		{667EFD3C-9B93-40FD-B98C-62541189E501}.Release|x86.Build.0 = Release|Win32
		{7566A00F-397C-4537-956F-DB138A8C7183}.Debug|x64.ActiveCfg = Debug|x64
		{7566A00F-397C-4537-956F-DB138A8C7183}.Debug|x64.Build.0 = Debug|x64
		{7566A00F-397C-4537-956F-DB138A8C7183}.Debug|x86.ActiveCfg = Debug|Win32
		{7566A00F-397C-4537-956F-DB138A8C7183}.Debug|x86.Build.0 = Debug|Win32
		{7566A00F-397C-4537-956F-DB138A8C7183}.Release|x64.ActiveCfg = Release|x64
		{7566A00F-397C-4537-956F-DB138A8C7183}.Release|x64.Build.0 = Release|x64
		{7566A00F-397C-4537-956F-DB138A8C7183}.Release|x86.ActiveCfg = Release|Win32
		{7566A00F-397C-4537-956F-DB138A8C7183}.Release|x86.Build.0 = Release|Win32
		{0A445CAD-3E33-4DC4-BD28-C7812A4C2B74}.Debug|x64.ActiveCfg = Debug|x64
		{0A445CAD-3E33-4DC4-BD28-C7812A4C2B74}.Debug|x64.Build.0 = Debug|x64
		{0A445CAD-3E33-4DC4-BD28-C7812A4C2B74}.Debug|x86.ActiveCfg = Debug|Win32
		{0A445CAD-3E33-4DC4-BD28-C7812A4C2B74}.Debug|x86.Build.0 = Debug|Win32
		{0A445CAD-3E33-4DC4-BD28-C7812A4C2B74}.Release|x64.ActiveCfg = Release|x64
		{0A445CAD-3E33-4DC4-BD28-C7812A4C2B74}.Release|x64.Build.0 = Release|x64
		{0A445CAD-3E33-4DC4-BD28-C7812A4C2B74}.Release|x86.ActiveCfg = Release|Win32
		{0A445CAD-3E33-4DC4-BD28-C7812A4C2B74}.Release|x86.Build.0 = Release|Win32
		{C1816915-9783-4031-B42F-2DF311ACFB64}.Debug|x64.ActiveCfg = Debug|x64
		{C1816915-9783-4031-B42F-2DF311ACFB64}.Debug|x64.Build.0 = Debug|x64
		{C1816915-9783-4031-B42F-2DF311ACFB64}.Debug|x86.ActiveCfg = Debug|Win32
		{C1816915-9783-4031-B42F-2DF311ACFB64}.Debug|x86.Build.0 = Debug|Win32
		{C1816915-9783-4031-B42F-2DF311ACFB64}.Release|x64.ActiveCfg = Release|x64
		{C1816915-9783-4031-B42F-2DF311ACFB64}.Release|x64.Build.0 = Release|x64
		{C1816915-9783-4031-B42F-2DF311ACFB64}.Release|x86.ActiveCfg = Release|Win32
		{C1816915-9783-4031-B42F-2DF311ACFB64}.Release|x86.Build.0 = Release|Win32
		{9AC346E9-4E7C-4A7C-8678-B86C839BCF3D}.Debug|x64.ActiveCfg = Debug|x64
		{9AC346E9-4E7C-4A7C-8678-B86C839BCF3D}.Debug|x64.Build.0 = Debug|x64
		{9AC346E9-4E7C-4A7C-8678-B86C839BCF3D}.Debug|x86.ActiveCfg = Debug|Win32
		{9AC346E9-4E7C-4A7C-8678-B86C839BCF3D}.Debug|x86.Build.0 = Debug|Win32
		{9AC346E9-4E7C-4A7C-8678-B86C839BCF3D}.Release|x64.ActiveCfg = Release|x64
		{9AC346E9-4E7C-4A7C-8678-B86C839BCF3D}.Release|x64.Build.0 = Release|x64
		{9AC346E9-4E7C-4A7C-8678-B86C839BCF3D}.Release|x86.ActiveCfg = Release|Win32
		{9AC346E9-4E7C-4A7C-8678-B86C839BCF3D}.Release|x86.Build.0 = Release|Win32
	EndGlobalSection
	GlobalSection(SolutionProperties) = preSolution
		HideSolutionNode = FALSE
	EndGlobalSection
	GlobalSection(ExtensibilityGlobals) = postSolution
		SolutionGuid = {5E43A643-EEA9-4853-9AFD-2DEA0E96CF7C}
	EndGlobalSection
EndGlobal
